
Microsoft Visual Studio Solution File, Format Version 12.00
# Visual Studio 15
VisualStudioVersion = 15.0.26403.7
MinimumVisualStudioVersion = 10.0.40219.1
Project("{FAE04EC0-301F-11D3-BF4B-00C04F79EFBC}") = "AlaskaAir.Alexa", "AlaskaAir.Alexa\AlaskaAir.Alexa.csproj", "{B73C9E1D-5FAA-4EFD-ACF7-DDE76A58B096}"
EndProject
Project("{151D2E53-A2C4-4D7D-83FE-D05416EBD58E}") = "AlaskaAir.AlexaResourceGroup", "AlaskaAir.AlexaResourceGroup\AlaskaAir.AlexaResourceGroup.deployproj", "{1A315AB9-6FEE-49C7-B763-89518911DBE5}"
EndProject
Project("{2150E333-8FDC-42A3-9474-1A3956D46DE8}") = "docs", "docs", "{5D8BC096-2BBA-4D6F-97CC-937D5CAB4EA7}"
	ProjectSection(SolutionItems) = preProject
		AskJennInteraction.txt = AskJennInteraction.txt
		docs\AskJennSwagger.json = docs\AskJennSwagger.json
	EndProjectSection
EndProject
Global
	GlobalSection(SolutionConfigurationPlatforms) = preSolution
		Debug|Any CPU = Debug|Any CPU
		Release|Any CPU = Release|Any CPU
	EndGlobalSection
	GlobalSection(ProjectConfigurationPlatforms) = postSolution
		{B73C9E1D-5FAA-4EFD-ACF7-DDE76A58B096}.Debug|Any CPU.ActiveCfg = Debug|Any CPU
		{B73C9E1D-5FAA-4EFD-ACF7-DDE76A58B096}.Debug|Any CPU.Build.0 = Debug|Any CPU
		{B73C9E1D-5FAA-4EFD-ACF7-DDE76A58B096}.Release|Any CPU.ActiveCfg = Release|Any CPU
		{B73C9E1D-5FAA-4EFD-ACF7-DDE76A58B096}.Release|Any CPU.Build.0 = Release|Any CPU
		{1A315AB9-6FEE-49C7-B763-89518911DBE5}.Debug|Any CPU.ActiveCfg = Debug|Any CPU
		{1A315AB9-6FEE-49C7-B763-89518911DBE5}.Debug|Any CPU.Build.0 = Debug|Any CPU
		{1A315AB9-6FEE-49C7-B763-89518911DBE5}.Release|Any CPU.ActiveCfg = Release|Any CPU
		{1A315AB9-6FEE-49C7-B763-89518911DBE5}.Release|Any CPU.Build.0 = Release|Any CPU
	EndGlobalSection
	GlobalSection(SolutionProperties) = preSolution
		HideSolutionNode = FALSE
	EndGlobalSection
EndGlobal
